// !$*UTF8*$!
{
	archiveVersion = 1;
	classes = {
	};
	objectVersion = 55;
	objects = {

/* Begin PBXBuildFile section */
		8BE5B88B292FE49F0061DE8C /* AppDelegate.swift in Sources */ = {isa = PBXBuildFile; fileRef = 8BE5B88A292FE49F0061DE8C /* AppDelegate.swift */; };
		8BE5B88D292FE49F0061DE8C /* SceneDelegate.swift in Sources */ = {isa = PBXBuildFile; fileRef = 8BE5B88C292FE49F0061DE8C /* SceneDelegate.swift */; };
		8BE5B88F292FE49F0061DE8C /* ViewController.swift in Sources */ = {isa = PBXBuildFile; fileRef = 8BE5B88E292FE49F0061DE8C /* ViewController.swift */; };
		8BE5B892292FE49F0061DE8C /* Main.storyboard in Resources */ = {isa = PBXBuildFile; fileRef = 8BE5B890292FE49F0061DE8C /* Main.storyboard */; };
		8BE5B895292FE49F0061DE8C /* Marvel.xcdatamodeld in Sources */ = {isa = PBXBuildFile; fileRef = 8BE5B893292FE49F0061DE8C /* Marvel.xcdatamodeld */; };
		8BE5B897292FE4A00061DE8C /* Assets.xcassets in Resources */ = {isa = PBXBuildFile; fileRef = 8BE5B896292FE4A00061DE8C /* Assets.xcassets */; };
		8BE5B89A292FE4A00061DE8C /* LaunchScreen.storyboard in Resources */ = {isa = PBXBuildFile; fileRef = 8BE5B898292FE4A00061DE8C /* LaunchScreen.storyboard */; };
		8BE5B8A5292FE4A00061DE8C /* MarvelTests.swift in Sources */ = {isa = PBXBuildFile; fileRef = 8BE5B8A4292FE4A00061DE8C /* MarvelTests.swift */; };
		8BE5B8AF292FE4A00061DE8C /* MarvelUITests.swift in Sources */ = {isa = PBXBuildFile; fileRef = 8BE5B8AE292FE4A00061DE8C /* MarvelUITests.swift */; };
		8BE5B8B1292FE4A00061DE8C /* MarvelUITestsLaunchTests.swift in Sources */ = {isa = PBXBuildFile; fileRef = 8BE5B8B0292FE4A00061DE8C /* MarvelUITestsLaunchTests.swift */; };
		B1E1C53B2047FA3ADFD216AA /* Pods_MarvelTests.framework in Frameworks */ = {isa = PBXBuildFile; fileRef = 839D1AB36F37BFDDA4C54A77 /* Pods_MarvelTests.framework */; };
		C20EA30FB959DE17BE7C3D8A /* Pods_Marvel.framework in Frameworks */ = {isa = PBXBuildFile; fileRef = 172A9BE8692F8CE8A55A42BD /* Pods_Marvel.framework */; };
		EF45212363348522F56445E2 /* Pods_Marvel_MarvelUITests.framework in Frameworks */ = {isa = PBXBuildFile; fileRef = 76F5C6898BAAE81244133229 /* Pods_Marvel_MarvelUITests.framework */; };
/* End PBXBuildFile section */

/* Begin PBXContainerItemProxy section */
		8BE5B8A1292FE4A00061DE8C /* PBXContainerItemProxy */ = {
			isa = PBXContainerItemProxy;
			containerPortal = 8BE5B87F292FE49F0061DE8C /* Project object */;
			proxyType = 1;
			remoteGlobalIDString = 8BE5B886292FE49F0061DE8C;
			remoteInfo = Marvel;
		};
		8BE5B8AB292FE4A00061DE8C /* PBXContainerItemProxy */ = {
			isa = PBXContainerItemProxy;
			containerPortal = 8BE5B87F292FE49F0061DE8C /* Project object */;
			proxyType = 1;
			remoteGlobalIDString = 8BE5B886292FE49F0061DE8C;
			remoteInfo = Marvel;
		};
/* End PBXContainerItemProxy section */

/* Begin PBXFileReference section */
		11D744A4E236AE10320FAC5E /* Pods-MarvelTests.debug.xcconfig */ = {isa = PBXFileReference; includeInIndex = 1; lastKnownFileType = text.xcconfig; name = "Pods-MarvelTests.debug.xcconfig"; path = "Target Support Files/Pods-MarvelTests/Pods-MarvelTests.debug.xcconfig"; sourceTree = "<group>"; };
		162007CB1504B8CF5BCFC752 /* Pods-Marvel-MarvelUITests.release.xcconfig */ = {isa = PBXFileReference; includeInIndex = 1; lastKnownFileType = text.xcconfig; name = "Pods-Marvel-MarvelUITests.release.xcconfig"; path = "Target Support Files/Pods-Marvel-MarvelUITests/Pods-Marvel-MarvelUITests.release.xcconfig"; sourceTree = "<group>"; };
		172A9BE8692F8CE8A55A42BD /* Pods_Marvel.framework */ = {isa = PBXFileReference; explicitFileType = wrapper.framework; includeInIndex = 0; path = Pods_Marvel.framework; sourceTree = BUILT_PRODUCTS_DIR; };
		30DBB3CA42811CC9F58904F7 /* Pods-Marvel.debug.xcconfig */ = {isa = PBXFileReference; includeInIndex = 1; lastKnownFileType = text.xcconfig; name = "Pods-Marvel.debug.xcconfig"; path = "Target Support Files/Pods-Marvel/Pods-Marvel.debug.xcconfig"; sourceTree = "<group>"; };
		6F4C31B3E6375D2FE8DA12E3 /* Pods-MarvelTests.release.xcconfig */ = {isa = PBXFileReference; includeInIndex = 1; lastKnownFileType = text.xcconfig; name = "Pods-MarvelTests.release.xcconfig"; path = "Target Support Files/Pods-MarvelTests/Pods-MarvelTests.release.xcconfig"; sourceTree = "<group>"; };
		76F5C6898BAAE81244133229 /* Pods_Marvel_MarvelUITests.framework */ = {isa = PBXFileReference; explicitFileType = wrapper.framework; includeInIndex = 0; path = Pods_Marvel_MarvelUITests.framework; sourceTree = BUILT_PRODUCTS_DIR; };
		839D1AB36F37BFDDA4C54A77 /* Pods_MarvelTests.framework */ = {isa = PBXFileReference; explicitFileType = wrapper.framework; includeInIndex = 0; path = Pods_MarvelTests.framework; sourceTree = BUILT_PRODUCTS_DIR; };
		8BE5B887292FE49F0061DE8C /* Marvel.app */ = {isa = PBXFileReference; explicitFileType = wrapper.application; includeInIndex = 0; path = Marvel.app; sourceTree = BUILT_PRODUCTS_DIR; };
		8BE5B88A292FE49F0061DE8C /* AppDelegate.swift */ = {isa = PBXFileReference; lastKnownFileType = sourcecode.swift; path = AppDelegate.swift; sourceTree = "<group>"; };
		8BE5B88C292FE49F0061DE8C /* SceneDelegate.swift */ = {isa = PBXFileReference; lastKnownFileType = sourcecode.swift; path = SceneDelegate.swift; sourceTree = "<group>"; };
		8BE5B88E292FE49F0061DE8C /* ViewController.swift */ = {isa = PBXFileReference; lastKnownFileType = sourcecode.swift; path = ViewController.swift; sourceTree = "<group>"; };
		8BE5B891292FE49F0061DE8C /* Base */ = {isa = PBXFileReference; lastKnownFileType = file.storyboard; name = Base; path = Base.lproj/Main.storyboard; sourceTree = "<group>"; };
		8BE5B894292FE49F0061DE8C /* Marvel.xcdatamodel */ = {isa = PBXFileReference; lastKnownFileType = wrapper.xcdatamodel; path = Marvel.xcdatamodel; sourceTree = "<group>"; };
		8BE5B896292FE4A00061DE8C /* Assets.xcassets */ = {isa = PBXFileReference; lastKnownFileType = folder.assetcatalog; path = Assets.xcassets; sourceTree = "<group>"; };
		8BE5B899292FE4A00061DE8C /* Base */ = {isa = PBXFileReference; lastKnownFileType = file.storyboard; name = Base; path = Base.lproj/LaunchScreen.storyboard; sourceTree = "<group>"; };
		8BE5B89B292FE4A00061DE8C /* Info.plist */ = {isa = PBXFileReference; lastKnownFileType = text.plist.xml; path = Info.plist; sourceTree = "<group>"; };
		8BE5B8A0292FE4A00061DE8C /* MarvelTests.xctest */ = {isa = PBXFileReference; explicitFileType = wrapper.cfbundle; includeInIndex = 0; path = MarvelTests.xctest; sourceTree = BUILT_PRODUCTS_DIR; };
		8BE5B8A4292FE4A00061DE8C /* MarvelTests.swift */ = {isa = PBXFileReference; lastKnownFileType = sourcecode.swift; path = MarvelTests.swift; sourceTree = "<group>"; };
		8BE5B8AA292FE4A00061DE8C /* MarvelUITests.xctest */ = {isa = PBXFileReference; explicitFileType = wrapper.cfbundle; includeInIndex = 0; path = MarvelUITests.xctest; sourceTree = BUILT_PRODUCTS_DIR; };
		8BE5B8AE292FE4A00061DE8C /* MarvelUITests.swift */ = {isa = PBXFileReference; lastKnownFileType = sourcecode.swift; path = MarvelUITests.swift; sourceTree = "<group>"; };
		8BE5B8B0292FE4A00061DE8C /* MarvelUITestsLaunchTests.swift */ = {isa = PBXFileReference; lastKnownFileType = sourcecode.swift; path = MarvelUITestsLaunchTests.swift; sourceTree = "<group>"; };
		BCD5377EDDDF530A462E2829 /* Pods-Marvel.release.xcconfig */ = {isa = PBXFileReference; includeInIndex = 1; lastKnownFileType = text.xcconfig; name = "Pods-Marvel.release.xcconfig"; path = "Target Support Files/Pods-Marvel/Pods-Marvel.release.xcconfig"; sourceTree = "<group>"; };
		CA5BFA5A56E41F7C2C9C9BDB /* Pods-Marvel-MarvelUITests.debug.xcconfig */ = {isa = PBXFileReference; includeInIndex = 1; lastKnownFileType = text.xcconfig; name = "Pods-Marvel-MarvelUITests.debug.xcconfig"; path = "Target Support Files/Pods-Marvel-MarvelUITests/Pods-Marvel-MarvelUITests.debug.xcconfig"; sourceTree = "<group>"; };
/* End PBXFileReference section */

/* Begin PBXFrameworksBuildPhase section */
		8BE5B884292FE49F0061DE8C /* Frameworks */ = {
			isa = PBXFrameworksBuildPhase;
			buildActionMask = 2147483647;
			files = (
				C20EA30FB959DE17BE7C3D8A /* Pods_Marvel.framework in Frameworks */,
			);
			runOnlyForDeploymentPostprocessing = 0;
		};
		8BE5B89D292FE4A00061DE8C /* Frameworks */ = {
			isa = PBXFrameworksBuildPhase;
			buildActionMask = 2147483647;
			files = (
				B1E1C53B2047FA3ADFD216AA /* Pods_MarvelTests.framework in Frameworks */,
			);
			runOnlyForDeploymentPostprocessing = 0;
		};
		8BE5B8A7292FE4A00061DE8C /* Frameworks */ = {
			isa = PBXFrameworksBuildPhase;
			buildActionMask = 2147483647;
			files = (
				EF45212363348522F56445E2 /* Pods_Marvel_MarvelUITests.framework in Frameworks */,
			);
			runOnlyForDeploymentPostprocessing = 0;
		};
/* End PBXFrameworksBuildPhase section */

/* Begin PBXGroup section */
		83823C1ADE57DA703843D9B0 /* Pods */ = {
			isa = PBXGroup;
			children = (
				30DBB3CA42811CC9F58904F7 /* Pods-Marvel.debug.xcconfig */,
				BCD5377EDDDF530A462E2829 /* Pods-Marvel.release.xcconfig */,
				CA5BFA5A56E41F7C2C9C9BDB /* Pods-Marvel-MarvelUITests.debug.xcconfig */,
				162007CB1504B8CF5BCFC752 /* Pods-Marvel-MarvelUITests.release.xcconfig */,
				11D744A4E236AE10320FAC5E /* Pods-MarvelTests.debug.xcconfig */,
				6F4C31B3E6375D2FE8DA12E3 /* Pods-MarvelTests.release.xcconfig */,
			);
			name = Pods;
			path = Pods;
			sourceTree = "<group>";
		};
		8BE5B87E292FE49F0061DE8C = {
			isa = PBXGroup;
			children = (
				8BE5B889292FE49F0061DE8C /* Marvel */,
				8BE5B8A3292FE4A00061DE8C /* MarvelTests */,
				8BE5B8AD292FE4A00061DE8C /* MarvelUITests */,
				8BE5B888292FE49F0061DE8C /* Products */,
				83823C1ADE57DA703843D9B0 /* Pods */,
				BE3E6117C7FCC70D8D1352BD /* Frameworks */,
			);
			sourceTree = "<group>";
		};
		8BE5B888292FE49F0061DE8C /* Products */ = {
			isa = PBXGroup;
			children = (
				8BE5B887292FE49F0061DE8C /* Marvel.app */,
				8BE5B8A0292FE4A00061DE8C /* MarvelTests.xctest */,
				8BE5B8AA292FE4A00061DE8C /* MarvelUITests.xctest */,
			);
			name = Products;
			sourceTree = "<group>";
		};
		8BE5B889292FE49F0061DE8C /* Marvel */ = {
			isa = PBXGroup;
			children = (
				8BE5B88A292FE49F0061DE8C /* AppDelegate.swift */,
				8BE5B88C292FE49F0061DE8C /* SceneDelegate.swift */,
				8BE5B88E292FE49F0061DE8C /* ViewController.swift */,
				8BE5B890292FE49F0061DE8C /* Main.storyboard */,
				8BE5B896292FE4A00061DE8C /* Assets.xcassets */,
				8BE5B898292FE4A00061DE8C /* LaunchScreen.storyboard */,
				8BE5B89B292FE4A00061DE8C /* Info.plist */,
				8BE5B893292FE49F0061DE8C /* Marvel.xcdatamodeld */,
			);
			path = Marvel;
			sourceTree = "<group>";
		};
		8BE5B8A3292FE4A00061DE8C /* MarvelTests */ = {
			isa = PBXGroup;
			children = (
				8BE5B8A4292FE4A00061DE8C /* MarvelTests.swift */,
			);
			path = MarvelTests;
			sourceTree = "<group>";
		};
		8BE5B8AD292FE4A00061DE8C /* MarvelUITests */ = {
			isa = PBXGroup;
			children = (
				8BE5B8AE292FE4A00061DE8C /* MarvelUITests.swift */,
				8BE5B8B0292FE4A00061DE8C /* MarvelUITestsLaunchTests.swift */,
			);
			path = MarvelUITests;
			sourceTree = "<group>";
		};
		BE3E6117C7FCC70D8D1352BD /* Frameworks */ = {
			isa = PBXGroup;
			children = (
				172A9BE8692F8CE8A55A42BD /* Pods_Marvel.framework */,
				76F5C6898BAAE81244133229 /* Pods_Marvel_MarvelUITests.framework */,
				839D1AB36F37BFDDA4C54A77 /* Pods_MarvelTests.framework */,
			);
			name = Frameworks;
			sourceTree = "<group>";
		};
/* End PBXGroup section */

/* Begin PBXNativeTarget section */
		8BE5B886292FE49F0061DE8C /* Marvel */ = {
			isa = PBXNativeTarget;
			buildConfigurationList = 8BE5B8B4292FE4A00061DE8C /* Build configuration list for PBXNativeTarget "Marvel" */;
			buildPhases = (
				8A2C3DAFA20BC965786BA808 /* [CP] Check Pods Manifest.lock */,
				8BE5B883292FE49F0061DE8C /* Sources */,
				8BE5B884292FE49F0061DE8C /* Frameworks */,
				8BE5B885292FE49F0061DE8C /* Resources */,
				3D9C3526DD508EBCF2D6CBAA /* [CP] Embed Pods Frameworks */,
			);
			buildRules = (
			);
			dependencies = (
			);
			name = Marvel;
			productName = Marvel;
			productReference = 8BE5B887292FE49F0061DE8C /* Marvel.app */;
			productType = "com.apple.product-type.application";
		};
		8BE5B89F292FE4A00061DE8C /* MarvelTests */ = {
			isa = PBXNativeTarget;
			buildConfigurationList = 8BE5B8B7292FE4A00061DE8C /* Build configuration list for PBXNativeTarget "MarvelTests" */;
			buildPhases = (
				A1A07BED9532E955366A6602 /* [CP] Check Pods Manifest.lock */,
				8BE5B89C292FE4A00061DE8C /* Sources */,
				8BE5B89D292FE4A00061DE8C /* Frameworks */,
				8BE5B89E292FE4A00061DE8C /* Resources */,
			);
			buildRules = (
			);
			dependencies = (
				8BE5B8A2292FE4A00061DE8C /* PBXTargetDependency */,
			);
			name = MarvelTests;
			productName = MarvelTests;
			productReference = 8BE5B8A0292FE4A00061DE8C /* MarvelTests.xctest */;
			productType = "com.apple.product-type.bundle.unit-test";
		};
		8BE5B8A9292FE4A00061DE8C /* MarvelUITests */ = {
			isa = PBXNativeTarget;
			buildConfigurationList = 8BE5B8BA292FE4A00061DE8C /* Build configuration list for PBXNativeTarget "MarvelUITests" */;
			buildPhases = (
				5A0805FC54027322ED5108F9 /* [CP] Check Pods Manifest.lock */,
				8BE5B8A6292FE4A00061DE8C /* Sources */,
				8BE5B8A7292FE4A00061DE8C /* Frameworks */,
				8BE5B8A8292FE4A00061DE8C /* Resources */,
				062D20398CE91ACCB1B605C4 /* [CP] Embed Pods Frameworks */,
			);
			buildRules = (
			);
			dependencies = (
				8BE5B8AC292FE4A00061DE8C /* PBXTargetDependency */,
			);
			name = MarvelUITests;
			productName = MarvelUITests;
			productReference = 8BE5B8AA292FE4A00061DE8C /* MarvelUITests.xctest */;
			productType = "com.apple.product-type.bundle.ui-testing";
		};
/* End PBXNativeTarget section */

/* Begin PBXProject section */
		8BE5B87F292FE49F0061DE8C /* Project object */ = {
			isa = PBXProject;
			attributes = {
				BuildIndependentTargetsInParallel = 1;
				LastSwiftUpdateCheck = 1410;
				LastUpgradeCheck = 1410;
				TargetAttributes = {
					8BE5B886292FE49F0061DE8C = {
						CreatedOnToolsVersion = 14.1;
					};
					8BE5B89F292FE4A00061DE8C = {
						CreatedOnToolsVersion = 14.1;
						TestTargetID = 8BE5B886292FE49F0061DE8C;
					};
					8BE5B8A9292FE4A00061DE8C = {
						CreatedOnToolsVersion = 14.1;
						TestTargetID = 8BE5B886292FE49F0061DE8C;
					};
				};
			};
			buildConfigurationList = 8BE5B882292FE49F0061DE8C /* Build configuration list for PBXProject "Marvel" */;
			compatibilityVersion = "Xcode 13.0";
			developmentRegion = en;
			hasScannedForEncodings = 0;
			knownRegions = (
				en,
				Base,
			);
			mainGroup = 8BE5B87E292FE49F0061DE8C;
			productRefGroup = 8BE5B888292FE49F0061DE8C /* Products */;
			projectDirPath = "";
			projectRoot = "";
			targets = (
				8BE5B886292FE49F0061DE8C /* Marvel */,
				8BE5B89F292FE4A00061DE8C /* MarvelTests */,
				8BE5B8A9292FE4A00061DE8C /* MarvelUITests */,
			);
		};
/* End PBXProject section */

/* Begin PBXResourcesBuildPhase section */
		8BE5B885292FE49F0061DE8C /* Resources */ = {
			isa = PBXResourcesBuildPhase;
			buildActionMask = 2147483647;
			files = (
				8BE5B89A292FE4A00061DE8C /* LaunchScreen.storyboard in Resources */,
				8BE5B897292FE4A00061DE8C /* Assets.xcassets in Resources */,
				8BE5B892292FE49F0061DE8C /* Main.storyboard in Resources */,
			);
			runOnlyForDeploymentPostprocessing = 0;
		};
		8BE5B89E292FE4A00061DE8C /* Resources */ = {
			isa = PBXResourcesBuildPhase;
			buildActionMask = 2147483647;
			files = (
			);
			runOnlyForDeploymentPostprocessing = 0;
		};
		8BE5B8A8292FE4A00061DE8C /* Resources */ = {
			isa = PBXResourcesBuildPhase;
			buildActionMask = 2147483647;
			files = (
			);
			runOnlyForDeploymentPostprocessing = 0;
		};
/* End PBXResourcesBuildPhase section */

/* Begin PBXShellScriptBuildPhase section */
		062D20398CE91ACCB1B605C4 /* [CP] Embed Pods Frameworks */ = {
			isa = PBXShellScriptBuildPhase;
			buildActionMask = 2147483647;
			files = (
			);
			inputFileListPaths = (
				"${PODS_ROOT}/Target Support Files/Pods-Marvel-MarvelUITests/Pods-Marvel-MarvelUITests-frameworks-${CONFIGURATION}-input-files.xcfilelist",
			);
			name = "[CP] Embed Pods Frameworks";
			outputFileListPaths = (
				"${PODS_ROOT}/Target Support Files/Pods-Marvel-MarvelUITests/Pods-Marvel-MarvelUITests-frameworks-${CONFIGURATION}-output-files.xcfilelist",
			);
			runOnlyForDeploymentPostprocessing = 0;
			shellPath = /bin/sh;
			shellScript = "\"${PODS_ROOT}/Target Support Files/Pods-Marvel-MarvelUITests/Pods-Marvel-MarvelUITests-frameworks.sh\"\n";
			showEnvVarsInLog = 0;
		};
		3D9C3526DD508EBCF2D6CBAA /* [CP] Embed Pods Frameworks */ = {
			isa = PBXShellScriptBuildPhase;
			buildActionMask = 2147483647;
			files = (
			);
			inputFileListPaths = (
				"${PODS_ROOT}/Target Support Files/Pods-Marvel/Pods-Marvel-frameworks-${CONFIGURATION}-input-files.xcfilelist",
			);
			name = "[CP] Embed Pods Frameworks";
			outputFileListPaths = (
				"${PODS_ROOT}/Target Support Files/Pods-Marvel/Pods-Marvel-frameworks-${CONFIGURATION}-output-files.xcfilelist",
			);
			runOnlyForDeploymentPostprocessing = 0;
			shellPath = /bin/sh;
			shellScript = "\"${PODS_ROOT}/Target Support Files/Pods-Marvel/Pods-Marvel-frameworks.sh\"\n";
			showEnvVarsInLog = 0;
		};
		5A0805FC54027322ED5108F9 /* [CP] Check Pods Manifest.lock */ = {
			isa = PBXShellScriptBuildPhase;
			buildActionMask = 2147483647;
			files = (
			);
			inputFileListPaths = (
			);
			inputPaths = (
				"${PODS_PODFILE_DIR_PATH}/Podfile.lock",
				"${PODS_ROOT}/Manifest.lock",
			);
			name = "[CP] Check Pods Manifest.lock";
			outputFileListPaths = (
			);
			outputPaths = (
				"$(DERIVED_FILE_DIR)/Pods-Marvel-MarvelUITests-checkManifestLockResult.txt",
			);
			runOnlyForDeploymentPostprocessing = 0;
			shellPath = /bin/sh;
			shellScript = "diff \"${PODS_PODFILE_DIR_PATH}/Podfile.lock\" \"${PODS_ROOT}/Manifest.lock\" > /dev/null\nif [ $? != 0 ] ; then\n    # print error to STDERR\n    echo \"error: The sandbox is not in sync with the Podfile.lock. Run 'pod install' or update your CocoaPods installation.\" >&2\n    exit 1\nfi\n# This output is used by Xcode 'outputs' to avoid re-running this script phase.\necho \"SUCCESS\" > \"${SCRIPT_OUTPUT_FILE_0}\"\n";
			showEnvVarsInLog = 0;
		};
		8A2C3DAFA20BC965786BA808 /* [CP] Check Pods Manifest.lock */ = {
			isa = PBXShellScriptBuildPhase;
			buildActionMask = 2147483647;
			files = (
			);
			inputFileListPaths = (
			);
			inputPaths = (
				"${PODS_PODFILE_DIR_PATH}/Podfile.lock",
				"${PODS_ROOT}/Manifest.lock",
			);
			name = "[CP] Check Pods Manifest.lock";
			outputFileListPaths = (
			);
			outputPaths = (
				"$(DERIVED_FILE_DIR)/Pods-Marvel-checkManifestLockResult.txt",
			);
			runOnlyForDeploymentPostprocessing = 0;
			shellPath = /bin/sh;
			shellScript = "diff \"${PODS_PODFILE_DIR_PATH}/Podfile.lock\" \"${PODS_ROOT}/Manifest.lock\" > /dev/null\nif [ $? != 0 ] ; then\n    # print error to STDERR\n    echo \"error: The sandbox is not in sync with the Podfile.lock. Run 'pod install' or update your CocoaPods installation.\" >&2\n    exit 1\nfi\n# This output is used by Xcode 'outputs' to avoid re-running this script phase.\necho \"SUCCESS\" > \"${SCRIPT_OUTPUT_FILE_0}\"\n";
			showEnvVarsInLog = 0;
		};
		A1A07BED9532E955366A6602 /* [CP] Check Pods Manifest.lock */ = {
			isa = PBXShellScriptBuildPhase;
			buildActionMask = 2147483647;
			files = (
			);
			inputFileListPaths = (
			);
			inputPaths = (
				"${PODS_PODFILE_DIR_PATH}/Podfile.lock",
				"${PODS_ROOT}/Manifest.lock",
			);
			name = "[CP] Check Pods Manifest.lock";
			outputFileListPaths = (
			);
			outputPaths = (
				"$(DERIVED_FILE_DIR)/Pods-MarvelTests-checkManifestLockResult.txt",
			);
			runOnlyForDeploymentPostprocessing = 0;
			shellPath = /bin/sh;
			shellScript = "diff \"${PODS_PODFILE_DIR_PATH}/Podfile.lock\" \"${PODS_ROOT}/Manifest.lock\" > /dev/null\nif [ $? != 0 ] ; then\n    # print error to STDERR\n    echo \"error: The sandbox is not in sync with the Podfile.lock. Run 'pod install' or update your CocoaPods installation.\" >&2\n    exit 1\nfi\n# This output is used by Xcode 'outputs' to avoid re-running this script phase.\necho \"SUCCESS\" > \"${SCRIPT_OUTPUT_FILE_0}\"\n";
			showEnvVarsInLog = 0;
		};
/* End PBXShellScriptBuildPhase section */

/* Begin PBXSourcesBuildPhase section */
		8BE5B883292FE49F0061DE8C /* Sources */ = {
			isa = PBXSourcesBuildPhase;
			buildActionMask = 2147483647;
			files = (
				8BE5B88F292FE49F0061DE8C /* ViewController.swift in Sources */,
				8BE5B88B292FE49F0061DE8C /* AppDelegate.swift in Sources */,
				8BE5B895292FE49F0061DE8C /* Marvel.xcdatamodeld in Sources */,
				8BE5B88D292FE49F0061DE8C /* SceneDelegate.swift in Sources */,
			);
			runOnlyForDeploymentPostprocessing = 0;
		};
		8BE5B89C292FE4A00061DE8C /* Sources */ = {
			isa = PBXSourcesBuildPhase;
			buildActionMask = 2147483647;
			files = (
				8BE5B8A5292FE4A00061DE8C /* MarvelTests.swift in Sources */,
			);
			runOnlyForDeploymentPostprocessing = 0;
		};
		8BE5B8A6292FE4A00061DE8C /* Sources */ = {
			isa = PBXSourcesBuildPhase;
			buildActionMask = 2147483647;
			files = (
				8BE5B8AF292FE4A00061DE8C /* MarvelUITests.swift in Sources */,
				8BE5B8B1292FE4A00061DE8C /* MarvelUITestsLaunchTests.swift in Sources */,
			);
			runOnlyForDeploymentPostprocessing = 0;
		};
/* End PBXSourcesBuildPhase section */

/* Begin PBXTargetDependency section */
		8BE5B8A2292FE4A00061DE8C /* PBXTargetDependency */ = {
			isa = PBXTargetDependency;
			target = 8BE5B886292FE49F0061DE8C /* Marvel */;
			targetProxy = 8BE5B8A1292FE4A00061DE8C /* PBXContainerItemProxy */;
		};
		8BE5B8AC292FE4A00061DE8C /* PBXTargetDependency */ = {
			isa = PBXTargetDependency;
			target = 8BE5B886292FE49F0061DE8C /* Marvel */;
			targetProxy = 8BE5B8AB292FE4A00061DE8C /* PBXContainerItemProxy */;
		};
/* End PBXTargetDependency section */

/* Begin PBXVariantGroup section */
		8BE5B890292FE49F0061DE8C /* Main.storyboard */ = {
			isa = PBXVariantGroup;
			children = (
				8BE5B891292FE49F0061DE8C /* Base */,
			);
			name = Main.storyboard;
			sourceTree = "<group>";
		};
		8BE5B898292FE4A00061DE8C /* LaunchScreen.storyboard */ = {
			isa = PBXVariantGroup;
			children = (
				8BE5B899292FE4A00061DE8C /* Base */,
			);
			name = LaunchScreen.storyboard;
			sourceTree = "<group>";
		};
/* End PBXVariantGroup section */

/* Begin XCBuildConfiguration section */
		8BE5B8B2292FE4A00061DE8C /* Debug */ = {
			isa = XCBuildConfiguration;
			buildSettings = {
				ALWAYS_SEARCH_USER_PATHS = NO;
				CLANG_ANALYZER_NONNULL = YES;
				CLANG_ANALYZER_NUMBER_OBJECT_CONVERSION = YES_AGGRESSIVE;
				CLANG_CXX_LANGUAGE_STANDARD = "gnu++20";
				CLANG_ENABLE_MODULES = YES;
				CLANG_ENABLE_OBJC_ARC = YES;
				CLANG_ENABLE_OBJC_WEAK = YES;
				CLANG_WARN_BLOCK_CAPTURE_AUTORELEASING = YES;
				CLANG_WARN_BOOL_CONVERSION = YES;
				CLANG_WARN_COMMA = YES;
				CLANG_WARN_CONSTANT_CONVERSION = YES;
				CLANG_WARN_DEPRECATED_OBJC_IMPLEMENTATIONS = YES;
				CLANG_WARN_DIRECT_OBJC_ISA_USAGE = YES_ERROR;
				CLANG_WARN_DOCUMENTATION_COMMENTS = YES;
				CLANG_WARN_EMPTY_BODY = YES;
				CLANG_WARN_ENUM_CONVERSION = YES;
				CLANG_WARN_INFINITE_RECURSION = YES;
				CLANG_WARN_INT_CONVERSION = YES;
				CLANG_WARN_NON_LITERAL_NULL_CONVERSION = YES;
				CLANG_WARN_OBJC_IMPLICIT_RETAIN_SELF = YES;
				CLANG_WARN_OBJC_LITERAL_CONVERSION = YES;
				CLANG_WARN_OBJC_ROOT_CLASS = YES_ERROR;
				CLANG_WARN_QUOTED_INCLUDE_IN_FRAMEWORK_HEADER = YES;
				CLANG_WARN_RANGE_LOOP_ANALYSIS = YES;
				CLANG_WARN_STRICT_PROTOTYPES = YES;
				CLANG_WARN_SUSPICIOUS_MOVE = YES;
				CLANG_WARN_UNGUARDED_AVAILABILITY = YES_AGGRESSIVE;
				CLANG_WARN_UNREACHABLE_CODE = YES;
				CLANG_WARN__DUPLICATE_METHOD_MATCH = YES;
				COPY_PHASE_STRIP = NO;
				DEBUG_INFORMATION_FORMAT = dwarf;
				ENABLE_STRICT_OBJC_MSGSEND = YES;
				ENABLE_TESTABILITY = YES;
				GCC_C_LANGUAGE_STANDARD = gnu11;
				GCC_DYNAMIC_NO_PIC = NO;
				GCC_NO_COMMON_BLOCKS = YES;
				GCC_OPTIMIZATION_LEVEL = 0;
				GCC_PREPROCESSOR_DEFINITIONS = (
					"DEBUG=1",
					"$(inherited)",
				);
				GCC_WARN_64_TO_32_BIT_CONVERSION = YES;
				GCC_WARN_ABOUT_RETURN_TYPE = YES_ERROR;
				GCC_WARN_UNDECLARED_SELECTOR = YES;
				GCC_WARN_UNINITIALIZED_AUTOS = YES_AGGRESSIVE;
				GCC_WARN_UNUSED_FUNCTION = YES;
				GCC_WARN_UNUSED_VARIABLE = YES;
				IPHONEOS_DEPLOYMENT_TARGET = 16.1;
				MTL_ENABLE_DEBUG_INFO = INCLUDE_SOURCE;
				MTL_FAST_MATH = YES;
				ONLY_ACTIVE_ARCH = YES;
				SDKROOT = iphoneos;
				SWIFT_ACTIVE_COMPILATION_CONDITIONS = DEBUG;
				SWIFT_OPTIMIZATION_LEVEL = "-Onone";
			};
			name = Debug;
		};
		8BE5B8B3292FE4A00061DE8C /* Release */ = {
			isa = XCBuildConfiguration;
			buildSettings = {
				ALWAYS_SEARCH_USER_PATHS = NO;
				CLANG_ANALYZER_NONNULL = YES;
				CLANG_ANALYZER_NUMBER_OBJECT_CONVERSION = YES_AGGRESSIVE;
				CLANG_CXX_LANGUAGE_STANDARD = "gnu++20";
				CLANG_ENABLE_MODULES = YES;
				CLANG_ENABLE_OBJC_ARC = YES;
				CLANG_ENABLE_OBJC_WEAK = YES;
				CLANG_WARN_BLOCK_CAPTURE_AUTORELEASING = YES;
				CLANG_WARN_BOOL_CONVERSION = YES;
				CLANG_WARN_COMMA = YES;
				CLANG_WARN_CONSTANT_CONVERSION = YES;
				CLANG_WARN_DEPRECATED_OBJC_IMPLEMENTATIONS = YES;
				CLANG_WARN_DIRECT_OBJC_ISA_USAGE = YES_ERROR;
				CLANG_WARN_DOCUMENTATION_COMMENTS = YES;
				CLANG_WARN_EMPTY_BODY = YES;
				CLANG_WARN_ENUM_CONVERSION = YES;
				CLANG_WARN_INFINITE_RECURSION = YES;
				CLANG_WARN_INT_CONVERSION = YES;
				CLANG_WARN_NON_LITERAL_NULL_CONVERSION = YES;
				CLANG_WARN_OBJC_IMPLICIT_RETAIN_SELF = YES;
				CLANG_WARN_OBJC_LITERAL_CONVERSION = YES;
				CLANG_WARN_OBJC_ROOT_CLASS = YES_ERROR;
				CLANG_WARN_QUOTED_INCLUDE_IN_FRAMEWORK_HEADER = YES;
				CLANG_WARN_RANGE_LOOP_ANALYSIS = YES;
				CLANG_WARN_STRICT_PROTOTYPES = YES;
				CLANG_WARN_SUSPICIOUS_MOVE = YES;
				CLANG_WARN_UNGUARDED_AVAILABILITY = YES_AGGRESSIVE;
				CLANG_WARN_UNREACHABLE_CODE = YES;
				CLANG_WARN__DUPLICATE_METHOD_MATCH = YES;
				COPY_PHASE_STRIP = NO;
				DEBUG_INFORMATION_FORMAT = "dwarf-with-dsym";
				ENABLE_NS_ASSERTIONS = NO;
				ENABLE_STRICT_OBJC_MSGSEND = YES;
				GCC_C_LANGUAGE_STANDARD = gnu11;
				GCC_NO_COMMON_BLOCKS = YES;
				GCC_WARN_64_TO_32_BIT_CONVERSION = YES;
				GCC_WARN_ABOUT_RETURN_TYPE = YES_ERROR;
				GCC_WARN_UNDECLARED_SELECTOR = YES;
				GCC_WARN_UNINITIALIZED_AUTOS = YES_AGGRESSIVE;
				GCC_WARN_UNUSED_FUNCTION = YES;
				GCC_WARN_UNUSED_VARIABLE = YES;
				IPHONEOS_DEPLOYMENT_TARGET = 16.1;
				MTL_ENABLE_DEBUG_INFO = NO;
				MTL_FAST_MATH = YES;
				SDKROOT = iphoneos;
				SWIFT_COMPILATION_MODE = wholemodule;
				SWIFT_OPTIMIZATION_LEVEL = "-O";
				VALIDATE_PRODUCT = YES;
			};
			name = Release;
		};
		8BE5B8B5292FE4A00061DE8C /* Debug */ = {
			isa = XCBuildConfiguration;
			baseConfigurationReference = 30DBB3CA42811CC9F58904F7 /* Pods-Marvel.debug.xcconfig */;
			buildSettings = {
				ASSETCATALOG_COMPILER_APPICON_NAME = AppIcon;
				ASSETCATALOG_COMPILER_GLOBAL_ACCENT_COLOR_NAME = AccentColor;
				CODE_SIGN_STYLE = Automatic;
				CURRENT_PROJECT_VERSION = 1;
				DEVELOPMENT_TEAM = P2383NQUW7;
				GENERATE_INFOPLIST_FILE = YES;
				INFOPLIST_FILE = Marvel/Info.plist;
				INFOPLIST_KEY_UIApplicationSupportsIndirectInputEvents = YES;
				INFOPLIST_KEY_UILaunchStoryboardName = LaunchScreen;
				INFOPLIST_KEY_UIMainStoryboardFile = Main;
				INFOPLIST_KEY_UISupportedInterfaceOrientations_iPad = "UIInterfaceOrientationPortrait UIInterfaceOrientationPortraitUpsideDown UIInterfaceOrientationLandscapeLeft UIInterfaceOrientationLandscapeRight";
				INFOPLIST_KEY_UISupportedInterfaceOrientations_iPhone = "UIInterfaceOrientationPortrait UIInterfaceOrientationLandscapeLeft UIInterfaceOrientationLandscapeRight";
				LD_RUNPATH_SEARCH_PATHS = (
					"$(inherited)",
					"@executable_path/Frameworks",
				);
				MARKETING_VERSION = 1.0;
				PRODUCT_BUNDLE_IDENTIFIER = jairo.bridefy.com.Marvel;
				PRODUCT_NAME = "$(TARGET_NAME)";
				SWIFT_EMIT_LOC_STRINGS = YES;
				SWIFT_VERSION = 5.0;
				TARGETED_DEVICE_FAMILY = "1,2";
			};
			name = Debug;
		};
		8BE5B8B6292FE4A00061DE8C /* Release */ = {
			isa = XCBuildConfiguration;
			baseConfigurationReference = BCD5377EDDDF530A462E2829 /* Pods-Marvel.release.xcconfig */;
			buildSettings = {
				ASSETCATALOG_COMPILER_APPICON_NAME = AppIcon;
				ASSETCATALOG_COMPILER_GLOBAL_ACCENT_COLOR_NAME = AccentColor;
				CODE_SIGN_STYLE = Automatic;
				CURRENT_PROJECT_VERSION = 1;
				DEVELOPMENT_TEAM = P2383NQUW7;
				GENERATE_INFOPLIST_FILE = YES;
				INFOPLIST_FILE = Marvel/Info.plist;
				INFOPLIST_KEY_UIApplicationSupportsIndirectInputEvents = YES;
				INFOPLIST_KEY_UILaunchStoryboardName = LaunchScreen;
				INFOPLIST_KEY_UIMainStoryboardFile = Main;
				INFOPLIST_KEY_UISupportedInterfaceOrientations_iPad = "UIInterfaceOrientationPortrait UIInterfaceOrientationPortraitUpsideDown UIInterfaceOrientationLandscapeLeft UIInterfaceOrientationLandscapeRight";
				INFOPLIST_KEY_UISupportedInterfaceOrientations_iPhone = "UIInterfaceOrientationPortrait UIInterfaceOrientationLandscapeLeft UIInterfaceOrientationLandscapeRight";
				LD_RUNPATH_SEARCH_PATHS = (
					"$(inherited)",
					"@executable_path/Frameworks",
				);
				MARKETING_VERSION = 1.0;
				PRODUCT_BUNDLE_IDENTIFIER = jairo.bridefy.com.Marvel;
				PRODUCT_NAME = "$(TARGET_NAME)";
				SWIFT_EMIT_LOC_STRINGS = YES;
				SWIFT_VERSION = 5.0;
				TARGETED_DEVICE_FAMILY = "1,2";
			};
			name = Release;
		};
		8BE5B8B8292FE4A00061DE8C /* Debug */ = {
			isa = XCBuildConfiguration;
			baseConfigurationReference = 11D744A4E236AE10320FAC5E /* Pods-MarvelTests.debug.xcconfig */;
			buildSettings = {
				ALWAYS_EMBED_SWIFT_STANDARD_LIBRARIES = YES;
				BUNDLE_LOADER = "$(TEST_HOST)";
				CODE_SIGN_STYLE = Automatic;
				CURRENT_PROJECT_VERSION = 1;
				DEVELOPMENT_TEAM = P2383NQUW7;
				GENERATE_INFOPLIST_FILE = YES;
				IPHONEOS_DEPLOYMENT_TARGET = 16.1;
				MARKETING_VERSION = 1.0;
				PRODUCT_BUNDLE_IDENTIFIER = jairo.bridefy.com.MarvelTests;
				PRODUCT_NAME = "$(TARGET_NAME)";
				SWIFT_EMIT_LOC_STRINGS = NO;
				SWIFT_VERSION = 5.0;
				TARGETED_DEVICE_FAMILY = "1,2";
				TEST_HOST = "$(BUILT_PRODUCTS_DIR)/Marvel.app/$(BUNDLE_EXECUTABLE_FOLDER_PATH)/Marvel";
			};
			name = Debug;
		};
		8BE5B8B9292FE4A00061DE8C /* Release */ = {
			isa = XCBuildConfiguration;
			baseConfigurationReference = 6F4C31B3E6375D2FE8DA12E3 /* Pods-MarvelTests.release.xcconfig */;
			buildSettings = {
				ALWAYS_EMBED_SWIFT_STANDARD_LIBRARIES = YES;
				BUNDLE_LOADER = "$(TEST_HOST)";
				CODE_SIGN_STYLE = Automatic;
				CURRENT_PROJECT_VERSION = 1;
				DEVELOPMENT_TEAM = P2383NQUW7;
				GENERATE_INFOPLIST_FILE = YES;
				IPHONEOS_DEPLOYMENT_TARGET = 16.1;
				MARKETING_VERSION = 1.0;
				PRODUCT_BUNDLE_IDENTIFIER = jairo.bridefy.com.MarvelTests;
				PRODUCT_NAME = "$(TARGET_NAME)";
				SWIFT_EMIT_LOC_STRINGS = NO;
				SWIFT_VERSION = 5.0;
				TARGETED_DEVICE_FAMILY = "1,2";
				TEST_HOST = "$(BUILT_PRODUCTS_DIR)/Marvel.app/$(BUNDLE_EXECUTABLE_FOLDER_PATH)/Marvel";
			};
			name = Release;
		};
		8BE5B8BB292FE4A00061DE8C /* Debug */ = {
			isa = XCBuildConfiguration;
			baseConfigurationReference = CA5BFA5A56E41F7C2C9C9BDB /* Pods-Marvel-MarvelUITests.debug.xcconfig */;
			buildSettings = {
				ALWAYS_EMBED_SWIFT_STANDARD_LIBRARIES = YES;
				CODE_SIGN_STYLE = Automatic;
				CURRENT_PROJECT_VERSION = 1;
				DEVELOPMENT_TEAM = P2383NQUW7;
				GENERATE_INFOPLIST_FILE = YES;
				MARKETING_VERSION = 1.0;
				PRODUCT_BUNDLE_IDENTIFIER = jairo.bridefy.com.MarvelUITests;
				PRODUCT_NAME = "$(TARGET_NAME)";
				SWIFT_EMIT_LOC_STRINGS = NO;
				SWIFT_VERSION = 5.0;
				TARGETED_DEVICE_FAMILY = "1,2";
				TEST_TARGET_NAME = Marvel;
			};
			name = Debug;
		};
		8BE5B8BC292FE4A00061DE8C /* Release */ = {
			isa = XCBuildConfiguration;
			baseConfigurationReference = 162007CB1504B8CF5BCFC752 /* Pods-Marvel-MarvelUITests.release.xcconfig */;
			buildSettings = {
				ALWAYS_EMBED_SWIFT_STANDARD_LIBRARIES = YES;
				CODE_SIGN_STYLE = Automatic;
				CURRENT_PROJECT_VERSION = 1;
				DEVELOPMENT_TEAM = P2383NQUW7;
				GENERATE_INFOPLIST_FILE = YES;
				MARKETING_VERSION = 1.0;
				PRODUCT_BUNDLE_IDENTIFIER = jairo.bridefy.com.MarvelUITests;
				PRODUCT_NAME = "$(TARGET_NAME)";
				SWIFT_EMIT_LOC_STRINGS = NO;
				SWIFT_VERSION = 5.0;
				TARGETED_DEVICE_FAMILY = "1,2";
				TEST_TARGET_NAME = Marvel;
			};
			name = Release;
		};
/* End XCBuildConfiguration section */

/* Begin XCConfigurationList section */
		8BE5B882292FE49F0061DE8C /* Build configuration list for PBXProject "Marvel" */ = {
			isa = XCConfigurationList;
			buildConfigurations = (
				8BE5B8B2292FE4A00061DE8C /* Debug */,
				8BE5B8B3292FE4A00061DE8C /* Release */,
			);
			defaultConfigurationIsVisible = 0;
			defaultConfigurationName = Release;
		};
		8BE5B8B4292FE4A00061DE8C /* Build configuration list for PBXNativeTarget "Marvel" */ = {
			isa = XCConfigurationList;
			buildConfigurations = (
				8BE5B8B5292FE4A00061DE8C /* Debug */,
				8BE5B8B6292FE4A00061DE8C /* Release */,
			);
			defaultConfigurationIsVisible = 0;
			defaultConfigurationName = Release;
		};
		8BE5B8B7292FE4A00061DE8C /* Build configuration list for PBXNativeTarget "MarvelTests" */ = {
			isa = XCConfigurationList;
			buildConfigurations = (
				8BE5B8B8292FE4A00061DE8C /* Debug */,
				8BE5B8B9292FE4A00061DE8C /* Release */,
			);
			defaultConfigurationIsVisible = 0;
			defaultConfigurationName = Release;
		};
		8BE5B8BA292FE4A00061DE8C /* Build configuration list for PBXNativeTarget "MarvelUITests" */ = {
			isa = XCConfigurationList;
			buildConfigurations = (
				8BE5B8BB292FE4A00061DE8C /* Debug */,
				8BE5B8BC292FE4A00061DE8C /* Release */,
			);
			defaultConfigurationIsVisible = 0;
			defaultConfigurationName = Release;
		};
/* End XCConfigurationList section */

/* Begin XCVersionGroup section */
		8BE5B893292FE49F0061DE8C /* Marvel.xcdatamodeld */ = {
			isa = XCVersionGroup;
			children = (
				8BE5B894292FE49F0061DE8C /* Marvel.xcdatamodel */,
			);
			currentVersion = 8BE5B894292FE49F0061DE8C /* Marvel.xcdatamodel */;
			path = Marvel.xcdatamodeld;
			sourceTree = "<group>";
			versionGroupType = wrapper.xcdatamodel;
		};
/* End XCVersionGroup section */
	};
	rootObject = 8BE5B87F292FE49F0061DE8C /* Project object */;
}
